
Microsoft Visual Studio Solution File, Format Version 12.00
# Visual Studio Version 16
VisualStudioVersion = 16.0.30309.148
MinimumVisualStudioVersion = 10.0.40219.1
Project("{FAE04EC0-301F-11D3-BF4B-00C04F79EFBC}") = "ERPApplicationDemo", "ERPApplicationDemo\ERPApplicationDemo.csproj", "{28BD5231-6A05-49C5-93E9-CACBD261019D}"
EndProject
Global
	GlobalSection(SolutionConfigurationPlatforms) = preSolution
		Debug|Any CPU = Debug|Any CPU
		Release|Any CPU = Release|Any CPU
	EndGlobalSection
	GlobalSection(ProjectConfigurationPlatforms) = postSolution
		{28BD5231-6A05-49C5-93E9-CACBD261019D}.Debug|Any CPU.ActiveCfg = Debug|Any CPU
		{28BD5231-6A05-49C5-93E9-CACBD261019D}.Debug|Any CPU.Build.0 = Debug|Any CPU
		{28BD5231-6A05-49C5-93E9-CACBD261019D}.Release|Any CPU.ActiveCfg = Release|Any CPU
		{28BD5231-6A05-49C5-93E9-CACBD261019D}.Release|Any CPU.Build.0 = Release|Any CPU
	EndGlobalSection
	GlobalSection(SolutionProperties) = preSolution
		HideSolutionNode = FALSE
	EndGlobalSection
	GlobalSection(ExtensibilityGlobals) = postSolution
		SolutionGuid = {4C2F2BD0-2CF9-4B6D-AD63-B03BE9D2DAC7}
	EndGlobalSection
EndGlobal
